
Microsoft Visual Studio Solution File, Format Version 12.00
# Visual Studio 15
VisualStudioVersion = 15.0.27428.2011
MinimumVisualStudioVersion = 10.0.40219.1
Project("{9A19103F-16F7-4668-BE54-9A1E7A4F7556}") = "AvocoBackend.Api", "AvocoBackend\AvocoBackend.Api.csproj", "{2AC279C8-6BB7-4094-9DEC-F5DF1856F951}"
EndProject
Project("{FAE04EC0-301F-11D3-BF4B-00C04F79EFBC}") = "AvocoBackend.Data", "AvocoBackend.Data\AvocoBackend.Data.csproj", "{47891387-282C-49FF-9A5C-E0E80EAF0820}"
EndProject
Project("{FAE04EC0-301F-11D3-BF4B-00C04F79EFBC}") = "AvocoBackend.Repository", "Repository\AvocoBackend.Repository.csproj", "{2E3FBDA6-ED92-443F-944F-374D4846DAE2}"
EndProject
Global
	GlobalSection(SolutionConfigurationPlatforms) = preSolution
		Debug|Any CPU = Debug|Any CPU
		Release|Any CPU = Release|Any CPU
	EndGlobalSection
	GlobalSection(ProjectConfigurationPlatforms) = postSolution
		{2AC279C8-6BB7-4094-9DEC-F5DF1856F951}.Debug|Any CPU.ActiveCfg = Debug|Any CPU
		{2AC279C8-6BB7-4094-9DEC-F5DF1856F951}.Debug|Any CPU.Build.0 = Debug|Any CPU
		{2AC279C8-6BB7-4094-9DEC-F5DF1856F951}.Release|Any CPU.ActiveCfg = Release|Any CPU
		{2AC279C8-6BB7-4094-9DEC-F5DF1856F951}.Release|Any CPU.Build.0 = Release|Any CPU
		{47891387-282C-49FF-9A5C-E0E80EAF0820}.Debug|Any CPU.ActiveCfg = Debug|Any CPU
		{47891387-282C-49FF-9A5C-E0E80EAF0820}.Debug|Any CPU.Build.0 = Debug|Any CPU
		{47891387-282C-49FF-9A5C-E0E80EAF0820}.Release|Any CPU.ActiveCfg = Release|Any CPU
		{47891387-282C-49FF-9A5C-E0E80EAF0820}.Release|Any CPU.Build.0 = Release|Any CPU
		{2E3FBDA6-ED92-443F-944F-374D4846DAE2}.Debug|Any CPU.ActiveCfg = Debug|Any CPU
		{2E3FBDA6-ED92-443F-944F-374D4846DAE2}.Debug|Any CPU.Build.0 = Debug|Any CPU
		{2E3FBDA6-ED92-443F-944F-374D4846DAE2}.Release|Any CPU.ActiveCfg = Release|Any CPU
		{2E3FBDA6-ED92-443F-944F-374D4846DAE2}.Release|Any CPU.Build.0 = Release|Any CPU
	EndGlobalSection
	GlobalSection(SolutionProperties) = preSolution
		HideSolutionNode = FALSE
	EndGlobalSection
	GlobalSection(ExtensibilityGlobals) = postSolution
		SolutionGuid = {FD9CE5E9-A26F-44CF-90F2-009787050A2D}
	EndGlobalSection
EndGlobal
